
Microsoft Visual Studio Solution File, Format Version 12.00
# Visual Studio Version 17
VisualStudioVersion = 17.8.34330.188
MinimumVisualStudioVersion = 10.0.40219.1
Project("{9A19103F-16F7-4668-BE54-9A1E7A4F7556}") = "URClient", "URClient\URClient.csproj", "{5D651F82-BD6C-4854-B0CD-BEA486EB2C98}"
EndProject
Project("{9A19103F-16F7-4668-BE54-9A1E7A4F7556}") = "UR_RTDE", "UR_RTDE\UR_RTDE.csproj", "{76B21EA0-4DC5-4FE7-9098-63D4BDE0DA18}"
EndProject
Global
	GlobalSection(SolutionConfigurationPlatforms) = preSolution
		Debug|Any CPU = Debug|Any CPU
		Release|Any CPU = Release|Any CPU
	EndGlobalSection
	GlobalSection(ProjectConfigurationPlatforms) = postSolution
		{5D651F82-BD6C-4854-B0CD-BEA486EB2C98}.Debug|Any CPU.ActiveCfg = Debug|Any CPU
		{5D651F82-BD6C-4854-B0CD-BEA486EB2C98}.Debug|Any CPU.Build.0 = Debug|Any CPU
		{5D651F82-BD6C-4854-B0CD-BEA486EB2C98}.Release|Any CPU.ActiveCfg = Release|Any CPU
		{5D651F82-BD6C-4854-B0CD-BEA486EB2C98}.Release|Any CPU.Build.0 = Release|Any CPU
		{76B21EA0-4DC5-4FE7-9098-63D4BDE0DA18}.Debug|Any CPU.ActiveCfg = Debug|Any CPU
		{76B21EA0-4DC5-4FE7-9098-63D4BDE0DA18}.Debug|Any CPU.Build.0 = Debug|Any CPU
		{76B21EA0-4DC5-4FE7-9098-63D4BDE0DA18}.Release|Any CPU.ActiveCfg = Release|Any CPU
		{76B21EA0-4DC5-4FE7-9098-63D4BDE0DA18}.Release|Any CPU.Build.0 = Release|Any CPU
	EndGlobalSection
	GlobalSection(SolutionProperties) = preSolution
		HideSolutionNode = FALSE
	EndGlobalSection
	GlobalSection(ExtensibilityGlobals) = postSolution
		SolutionGuid = {8B708467-4C0A-4633-8A76-C31656AF6887}
	EndGlobalSection
EndGlobal
